
Microsoft Visual Studio Solution File, Format Version 12.00
# Visual Studio 15
Project("{FAE04EC0-301F-11D3-BF4B-00C04F79EFBC}") = "VuforiaScripts", "VuforiaScripts.csproj", "{57D84207-B4D5-505C-195C-85CE38A6B7A5}"
EndProject
Project("{FAE04EC0-301F-11D3-BF4B-00C04F79EFBC}") = "VuforiaEditorScripts", "VuforiaEditorScripts.csproj", "{A5036373-E18D-BECF-1EFF-D6EC36F9E216}"
EndProject
Global
	GlobalSection(SolutionConfigurationPlatforms) = preSolution
		Debug|Any CPU = Debug|Any CPU
		Release|Any CPU = Release|Any CPU
	EndGlobalSection
	GlobalSection(ProjectConfigurationPlatforms) = postSolution
		{57D84207-B4D5-505C-195C-85CE38A6B7A5}.Debug|Any CPU.ActiveCfg = Debug|Any CPU
		{57D84207-B4D5-505C-195C-85CE38A6B7A5}.Debug|Any CPU.Build.0 = Debug|Any CPU
		{57D84207-B4D5-505C-195C-85CE38A6B7A5}.Release|Any CPU.ActiveCfg = Release|Any CPU
		{57D84207-B4D5-505C-195C-85CE38A6B7A5}.Release|Any CPU.Build.0 = Release|Any CPU
		{A5036373-E18D-BECF-1EFF-D6EC36F9E216}.Debug|Any CPU.ActiveCfg = Debug|Any CPU
		{A5036373-E18D-BECF-1EFF-D6EC36F9E216}.Debug|Any CPU.Build.0 = Debug|Any CPU
		{A5036373-E18D-BECF-1EFF-D6EC36F9E216}.Release|Any CPU.ActiveCfg = Release|Any CPU
		{A5036373-E18D-BECF-1EFF-D6EC36F9E216}.Release|Any CPU.Build.0 = Release|Any CPU
	EndGlobalSection
	GlobalSection(SolutionProperties) = preSolution
		HideSolutionNode = FALSE
	EndGlobalSection
EndGlobal
